
Microsoft Visual Studio Solution File, Format Version 12.00
# Visual Studio Version 17
VisualStudioVersion = 17.9.34622.214
MinimumVisualStudioVersion = 10.0.40219.1
Project("{FAE04EC0-301F-11D3-BF4B-00C04F79EFBC}") = "Quiz", "Quiz\Quiz.csproj", "{756C0CE4-134B-4BFA-B4E4-BEA114D770BE}"
EndProject
Project("{2150E333-8FDC-42A3-9474-1A3956D46DE8}") = "Solution Items", "Solution Items", "{FDF03A7F-3766-4DC1-891A-619A68BEE148}"
EndProject
Project("{FAE04EC0-301F-11D3-BF4B-00C04F79EFBC}") = "Intrebare", "Intrebare\Intrebare.csproj", "{101B9A99-6527-4D03-AC38-15A73D76FCF7}"
EndProject
Project("{FAE04EC0-301F-11D3-BF4B-00C04F79EFBC}") = "Quizz", "Quizz\Quizz.csproj", "{38B9C2E7-FF47-4B9A-A093-FCBA3330E86E}"
EndProject
Project("{FAE04EC0-301F-11D3-BF4B-00C04F79EFBC}") = "Tot", "Tot\Tot.csproj", "{B39C30CA-1652-4284-94A9-9A2E89787CCD}"
EndProject
Project("{FAE04EC0-301F-11D3-BF4B-00C04F79EFBC}") = "NivelStocareDate", "NivelStocareDate\NivelStocareDate.csproj", "{2E4B6CEA-3EDA-4220-9646-FC1E85A9168C}"
EndProject
Project("{FAE04EC0-301F-11D3-BF4B-00C04F79EFBC}") = "WindowsFormsApp", "WindowsFormsApp\WindowsFormsApp.csproj", "{EAB7F703-73D3-4A42-99F6-46FA34D2AD83}"
EndProject
Global
	GlobalSection(SolutionConfigurationPlatforms) = preSolution
		Debug|Any CPU = Debug|Any CPU
		Release|Any CPU = Release|Any CPU
	EndGlobalSection
	GlobalSection(ProjectConfigurationPlatforms) = postSolution
		{756C0CE4-134B-4BFA-B4E4-BEA114D770BE}.Debug|Any CPU.ActiveCfg = Debug|Any CPU
		{756C0CE4-134B-4BFA-B4E4-BEA114D770BE}.Debug|Any CPU.Build.0 = Debug|Any CPU
		{756C0CE4-134B-4BFA-B4E4-BEA114D770BE}.Release|Any CPU.ActiveCfg = Release|Any CPU
		{756C0CE4-134B-4BFA-B4E4-BEA114D770BE}.Release|Any CPU.Build.0 = Release|Any CPU
		{101B9A99-6527-4D03-AC38-15A73D76FCF7}.Debug|Any CPU.ActiveCfg = Debug|Any CPU
		{101B9A99-6527-4D03-AC38-15A73D76FCF7}.Debug|Any CPU.Build.0 = Debug|Any CPU
		{101B9A99-6527-4D03-AC38-15A73D76FCF7}.Release|Any CPU.ActiveCfg = Release|Any CPU
		{101B9A99-6527-4D03-AC38-15A73D76FCF7}.Release|Any CPU.Build.0 = Release|Any CPU
		{38B9C2E7-FF47-4B9A-A093-FCBA3330E86E}.Debug|Any CPU.ActiveCfg = Debug|Any CPU
		{38B9C2E7-FF47-4B9A-A093-FCBA3330E86E}.Debug|Any CPU.Build.0 = Debug|Any CPU
		{38B9C2E7-FF47-4B9A-A093-FCBA3330E86E}.Release|Any CPU.ActiveCfg = Release|Any CPU
		{38B9C2E7-FF47-4B9A-A093-FCBA3330E86E}.Release|Any CPU.Build.0 = Release|Any CPU
		{B39C30CA-1652-4284-94A9-9A2E89787CCD}.Debug|Any CPU.ActiveCfg = Debug|Any CPU
		{B39C30CA-1652-4284-94A9-9A2E89787CCD}.Debug|Any CPU.Build.0 = Debug|Any CPU
		{B39C30CA-1652-4284-94A9-9A2E89787CCD}.Release|Any CPU.ActiveCfg = Release|Any CPU
		{B39C30CA-1652-4284-94A9-9A2E89787CCD}.Release|Any CPU.Build.0 = Release|Any CPU
		{2E4B6CEA-3EDA-4220-9646-FC1E85A9168C}.Debug|Any CPU.ActiveCfg = Debug|Any CPU
		{2E4B6CEA-3EDA-4220-9646-FC1E85A9168C}.Debug|Any CPU.Build.0 = Debug|Any CPU
		{2E4B6CEA-3EDA-4220-9646-FC1E85A9168C}.Release|Any CPU.ActiveCfg = Release|Any CPU
		{2E4B6CEA-3EDA-4220-9646-FC1E85A9168C}.Release|Any CPU.Build.0 = Release|Any CPU
		{EAB7F703-73D3-4A42-99F6-46FA34D2AD83}.Debug|Any CPU.ActiveCfg = Debug|Any CPU
		{EAB7F703-73D3-4A42-99F6-46FA34D2AD83}.Debug|Any CPU.Build.0 = Debug|Any CPU
		{EAB7F703-73D3-4A42-99F6-46FA34D2AD83}.Release|Any CPU.ActiveCfg = Release|Any CPU
		{EAB7F703-73D3-4A42-99F6-46FA34D2AD83}.Release|Any CPU.Build.0 = Release|Any CPU
	EndGlobalSection
	GlobalSection(SolutionProperties) = preSolution
		HideSolutionNode = FALSE
	EndGlobalSection
	GlobalSection(ExtensibilityGlobals) = postSolution
		SolutionGuid = {5A18CDBE-F1E9-44B2-88AD-11325A63F3FB}
	EndGlobalSection
EndGlobal
